Microsoft Visual Studio Solution File, Format Version 12.00
# Visual Studio Version 17
VisualStudioVersion = 17.5.2.0
MinimumVisualStudioVersion = 10.0.40219.1
Project("{FAE04EC0-301F-11D3-BF4B-00C04F79EFBC}") = "RubiksCube", "RubiksCube.csproj", "{6BA21374-580C-B64A-B8D6-FEC65CDA7CC3}"
EndProject
Project("{FAE04EC0-301F-11D3-BF4B-00C04F79EFBC}") = "RubiksCube.UnitTests", "..\RubiksCube.UnitTests\RubiksCube.UnitTests.csproj", "{937A4DA6-DD7E-4525-A702-DE059BFD738A}"
EndProject
Global
	GlobalSection(SolutionConfigurationPlatforms) = preSolution
		Debug|Any CPU = Debug|Any CPU
		Release|Any CPU = Release|Any CPU
	EndGlobalSection
	GlobalSection(ProjectConfigurationPlatforms) = postSolution
		{6BA21374-580C-B64A-B8D6-FEC65CDA7CC3}.Debug|Any CPU.ActiveCfg = Debug|Any CPU
		{6BA21374-580C-B64A-B8D6-FEC65CDA7CC3}.Debug|Any CPU.Build.0 = Debug|Any CPU
		{6BA21374-580C-B64A-B8D6-FEC65CDA7CC3}.Release|Any CPU.ActiveCfg = Release|Any CPU
		{6BA21374-580C-B64A-B8D6-FEC65CDA7CC3}.Release|Any CPU.Build.0 = Release|Any CPU
		{937A4DA6-DD7E-4525-A702-DE059BFD738A}.Debug|Any CPU.ActiveCfg = Debug|Any CPU
		{937A4DA6-DD7E-4525-A702-DE059BFD738A}.Debug|Any CPU.Build.0 = Debug|Any CPU
		{937A4DA6-DD7E-4525-A702-DE059BFD738A}.Release|Any CPU.ActiveCfg = Release|Any CPU
		{937A4DA6-DD7E-4525-A702-DE059BFD738A}.Release|Any CPU.Build.0 = Release|Any CPU
	EndGlobalSection
	GlobalSection(SolutionProperties) = preSolution
		HideSolutionNode = FALSE
	EndGlobalSection
	GlobalSection(ExtensibilityGlobals) = postSolution
		SolutionGuid = {5D79486E-FC18-49B5-9ECC-9C8ECC9B38DA}
	EndGlobalSection
EndGlobal
